
Microsoft Visual Studio Solution File, Format Version 12.00
# Visual Studio Version 17
VisualStudioVersion = 17.1.32228.430
MinimumVisualStudioVersion = 10.0.40219.1
Project("{9A19103F-16F7-4668-BE54-9A1E7A4F7556}") = "Backend", "Backend\Backend.csproj", "{30B65609-1C48-4E74-86EB-E1A05D4BB573}"
	ProjectSection(ProjectDependencies) = postProject
		{755D1446-6236-4C36-A467-1A34430FF342} = {755D1446-6236-4C36-A467-1A34430FF342}
	EndProjectSection
EndProject
Project("{9A19103F-16F7-4668-BE54-9A1E7A4F7556}") = "Frontend", "FrontEnd\Frontend.csproj", "{E29B87B3-3A24-47F8-A296-43D23AE9CF60}"
EndProject
Project("{9A19103F-16F7-4668-BE54-9A1E7A4F7556}") = "Domain", "Domain\Domain.csproj", "{99046B71-6D90-4B87-9319-93AEE6367981}"
EndProject
Project("{9A19103F-16F7-4668-BE54-9A1E7A4F7556}") = "Application", "Application\Application.csproj", "{755D1446-6236-4C36-A467-1A34430FF342}"
EndProject
Project("{9A19103F-16F7-4668-BE54-9A1E7A4F7556}") = "Infrastructure", "Infrastructure\Infrastructure.csproj", "{99C7A4F2-7A80-4CF5-A0B0-94F3B634D747}"
EndProject
Global
	GlobalSection(SolutionConfigurationPlatforms) = preSolution
		Debug|Any CPU = Debug|Any CPU
		Release|Any CPU = Release|Any CPU
	EndGlobalSection
	GlobalSection(ProjectConfigurationPlatforms) = postSolution
		{30B65609-1C48-4E74-86EB-E1A05D4BB573}.Debug|Any CPU.ActiveCfg = Debug|Any CPU
		{30B65609-1C48-4E74-86EB-E1A05D4BB573}.Debug|Any CPU.Build.0 = Debug|Any CPU
		{30B65609-1C48-4E74-86EB-E1A05D4BB573}.Release|Any CPU.ActiveCfg = Release|Any CPU
		{30B65609-1C48-4E74-86EB-E1A05D4BB573}.Release|Any CPU.Build.0 = Release|Any CPU
		{E29B87B3-3A24-47F8-A296-43D23AE9CF60}.Debug|Any CPU.ActiveCfg = Debug|Any CPU
		{E29B87B3-3A24-47F8-A296-43D23AE9CF60}.Debug|Any CPU.Build.0 = Debug|Any CPU
		{E29B87B3-3A24-47F8-A296-43D23AE9CF60}.Release|Any CPU.ActiveCfg = Release|Any CPU
		{E29B87B3-3A24-47F8-A296-43D23AE9CF60}.Release|Any CPU.Build.0 = Release|Any CPU
		{99046B71-6D90-4B87-9319-93AEE6367981}.Debug|Any CPU.ActiveCfg = Debug|Any CPU
		{99046B71-6D90-4B87-9319-93AEE6367981}.Debug|Any CPU.Build.0 = Debug|Any CPU
		{99046B71-6D90-4B87-9319-93AEE6367981}.Release|Any CPU.ActiveCfg = Release|Any CPU
		{99046B71-6D90-4B87-9319-93AEE6367981}.Release|Any CPU.Build.0 = Release|Any CPU
		{755D1446-6236-4C36-A467-1A34430FF342}.Debug|Any CPU.ActiveCfg = Debug|Any CPU
		{755D1446-6236-4C36-A467-1A34430FF342}.Debug|Any CPU.Build.0 = Debug|Any CPU
		{755D1446-6236-4C36-A467-1A34430FF342}.Release|Any CPU.ActiveCfg = Release|Any CPU
		{755D1446-6236-4C36-A467-1A34430FF342}.Release|Any CPU.Build.0 = Release|Any CPU
		{99C7A4F2-7A80-4CF5-A0B0-94F3B634D747}.Debug|Any CPU.ActiveCfg = Debug|Any CPU
		{99C7A4F2-7A80-4CF5-A0B0-94F3B634D747}.Debug|Any CPU.Build.0 = Debug|Any CPU
		{99C7A4F2-7A80-4CF5-A0B0-94F3B634D747}.Release|Any CPU.ActiveCfg = Release|Any CPU
		{99C7A4F2-7A80-4CF5-A0B0-94F3B634D747}.Release|Any CPU.Build.0 = Release|Any CPU
	EndGlobalSection
	GlobalSection(SolutionProperties) = preSolution
		HideSolutionNode = FALSE
	EndGlobalSection
	GlobalSection(ExtensibilityGlobals) = postSolution
		SolutionGuid = {8BE6C9EC-8A6B-4CC6-AD7C-FB3EDC327692}
	EndGlobalSection
EndGlobal
